// !$*UTF8*$!
{
	archiveVersion = 1;
	classes = {
	};
	objectVersion = 46;
	objects = {

/* Begin PBXBuildFile section */
		D5319A8818B7C2D200751F30 /* Metaball.fsh in Resources */ = {isa = PBXBuildFile; fileRef = D5FE41C618B205A800B90B9A /* Metaball.fsh */; };
		D5319A8918B7C2D200751F30 /* Metaball.vsh in Resources */ = {isa = PBXBuildFile; fileRef = D5FE41C718B205A800B90B9A /* Metaball.vsh */; };
		D586F03C184DA48B00FE89BD /* Foundation.framework in Frameworks */ = {isa = PBXBuildFile; fileRef = D586F03B184DA48B00FE89BD /* Foundation.framework */; };
		D586F03E184DA48B00FE89BD /* CoreGraphics.framework in Frameworks */ = {isa = PBXBuildFile; fileRef = D586F03D184DA48B00FE89BD /* CoreGraphics.framework */; };
		D586F040184DA48B00FE89BD /* UIKit.framework in Frameworks */ = {isa = PBXBuildFile; fileRef = D586F03F184DA48B00FE89BD /* UIKit.framework */; };
		D586F042184DA48B00FE89BD /* GLKit.framework in Frameworks */ = {isa = PBXBuildFile; fileRef = D586F041184DA48B00FE89BD /* GLKit.framework */; };
		D586F044184DA48B00FE89BD /* OpenGLES.framework in Frameworks */ = {isa = PBXBuildFile; fileRef = D586F043184DA48B00FE89BD /* OpenGLES.framework */; };
		D586F04A184DA48B00FE89BD /* InfoPlist.strings in Resources */ = {isa = PBXBuildFile; fileRef = D586F048184DA48B00FE89BD /* InfoPlist.strings */; };
		D586F04C184DA48B00FE89BD /* main.m in Sources */ = {isa = PBXBuildFile; fileRef = D586F04B184DA48B00FE89BD /* main.m */; };
		D586F050184DA48B00FE89BD /* ROTOAppDelegate.m in Sources */ = {isa = PBXBuildFile; fileRef = D586F04F184DA48B00FE89BD /* ROTOAppDelegate.m */; };
		D586F053184DA48B00FE89BD /* Main_iPhone.storyboard in Resources */ = {isa = PBXBuildFile; fileRef = D586F051184DA48B00FE89BD /* Main_iPhone.storyboard */; };
		D586F056184DA48B00FE89BD /* Main_iPad.storyboard in Resources */ = {isa = PBXBuildFile; fileRef = D586F054184DA48B00FE89BD /* Main_iPad.storyboard */; };
		D586F058184DA48B00FE89BD /* Shader.fsh in Resources */ = {isa = PBXBuildFile; fileRef = D586F057184DA48B00FE89BD /* Shader.fsh */; };
		D586F05A184DA48B00FE89BD /* Shader.vsh in Resources */ = {isa = PBXBuildFile; fileRef = D586F059184DA48B00FE89BD /* Shader.vsh */; };
		D586F05D184DA48B00FE89BD /* ROTOViewController.m in Sources */ = {isa = PBXBuildFile; fileRef = D586F05C184DA48B00FE89BD /* ROTOViewController.m */; };
		D586F05F184DA48B00FE89BD /* Images.xcassets in Resources */ = {isa = PBXBuildFile; fileRef = D586F05E184DA48B00FE89BD /* Images.xcassets */; };
		D586F066184DA48B00FE89BD /* XCTest.framework in Frameworks */ = {isa = PBXBuildFile; fileRef = D586F065184DA48B00FE89BD /* XCTest.framework */; };
		D586F067184DA48B00FE89BD /* Foundation.framework in Frameworks */ = {isa = PBXBuildFile; fileRef = D586F03B184DA48B00FE89BD /* Foundation.framework */; };
		D586F068184DA48B00FE89BD /* UIKit.framework in Frameworks */ = {isa = PBXBuildFile; fileRef = D586F03F184DA48B00FE89BD /* UIKit.framework */; };
		D586F070184DA48B00FE89BD /* InfoPlist.strings in Resources */ = {isa = PBXBuildFile; fileRef = D586F06E184DA48B00FE89BD /* InfoPlist.strings */; };
		D586F072184DA48B00FE89BD /* MushTests.m in Sources */ = {isa = PBXBuildFile; fileRef = D586F071184DA48B00FE89BD /* MushTests.m */; };
		D591761818551E35007DCD6A /* ROTOShaderLoader.m in Sources */ = {isa = PBXBuildFile; fileRef = D591761718551E35007DCD6A /* ROTOShaderLoader.m */; };
		D5D004BD184F015F005D791B /* ROTOMarchingCubes.c in Sources */ = {isa = PBXBuildFile; fileRef = D5D004BC184F015F005D791B /* ROTOMarchingCubes.c */; };
		D5FE41C818B205A800B90B9A /* Metaball.fsh in Sources */ = {isa = PBXBuildFile; fileRef = D5FE41C618B205A800B90B9A /* Metaball.fsh */; };
		D5FE41C918B205A800B90B9A /* Metaball.vsh in Sources */ = {isa = PBXBuildFile; fileRef = D5FE41C718B205A800B90B9A /* Metaball.vsh */; };
/* End PBXBuildFile section */

/* Begin PBXContainerItemProxy section */
		D586F069184DA48B00FE89BD /* PBXContainerItemProxy */ = {
			isa = PBXContainerItemProxy;
			containerPortal = D586F030184DA48B00FE89BD /* Project object */;
			proxyType = 1;
			remoteGlobalIDString = D586F037184DA48B00FE89BD;
			remoteInfo = Mush;
		};
/* End PBXContainerItemProxy section */

/* Begin PBXFileReference section */
		D5319A8618B7BEBD00751F30 /* EntityVertex.h */ = {isa = PBXFileReference; lastKnownFileType = sourcecode.c.h; path = EntityVertex.h; sourceTree = "<group>"; };
		D5319A8718B7BEBD00751F30 /* Quad.h */ = {isa = PBXFileReference; lastKnownFileType = sourcecode.c.h; path = Quad.h; sourceTree = "<group>"; };
		D586F038184DA48B00FE89BD /* Mush.app */ = {isa = PBXFileReference; explicitFileType = wrapper.application; includeInIndex = 0; path = Mush.app; sourceTree = BUILT_PRODUCTS_DIR; };
		D586F03B184DA48B00FE89BD /* Foundation.framework */ = {isa = PBXFileReference; lastKnownFileType = wrapper.framework; name = Foundation.framework; path = System/Library/Frameworks/Foundation.framework; sourceTree = SDKROOT; };
		D586F03D184DA48B00FE89BD /* CoreGraphics.framework */ = {isa = PBXFileReference; lastKnownFileType = wrapper.framework; name = CoreGraphics.framework; path = System/Library/Frameworks/CoreGraphics.framework; sourceTree = SDKROOT; };
		D586F03F184DA48B00FE89BD /* UIKit.framework */ = {isa = PBXFileReference; lastKnownFileType = wrapper.framework; name = UIKit.framework; path = System/Library/Frameworks/UIKit.framework; sourceTree = SDKROOT; };
		D586F041184DA48B00FE89BD /* GLKit.framework */ = {isa = PBXFileReference; lastKnownFileType = wrapper.framework; name = GLKit.framework; path = System/Library/Frameworks/GLKit.framework; sourceTree = SDKROOT; };
		D586F043184DA48B00FE89BD /* OpenGLES.framework */ = {isa = PBXFileReference; lastKnownFileType = wrapper.framework; name = OpenGLES.framework; path = System/Library/Frameworks/OpenGLES.framework; sourceTree = SDKROOT; };
		D586F047184DA48B00FE89BD /* Mush-Info.plist */ = {isa = PBXFileReference; lastKnownFileType = text.plist.xml; path = "Mush-Info.plist"; sourceTree = "<group>"; };
		D586F049184DA48B00FE89BD /* en */ = {isa = PBXFileReference; lastKnownFileType = text.plist.strings; name = en; path = en.lproj/InfoPlist.strings; sourceTree = "<group>"; };
		D586F04B184DA48B00FE89BD /* main.m */ = {isa = PBXFileReference; lastKnownFileType = sourcecode.c.objc; path = main.m; sourceTree = "<group>"; };
		D586F04D184DA48B00FE89BD /* Mush-Prefix.pch */ = {isa = PBXFileReference; lastKnownFileType = sourcecode.c.h; path = "Mush-Prefix.pch"; sourceTree = "<group>"; };
		D586F04E184DA48B00FE89BD /* ROTOAppDelegate.h */ = {isa = PBXFileReference; lastKnownFileType = sourcecode.c.h; path = ROTOAppDelegate.h; sourceTree = "<group>"; };
		D586F04F184DA48B00FE89BD /* ROTOAppDelegate.m */ = {isa = PBXFileReference; lastKnownFileType = sourcecode.c.objc; path = ROTOAppDelegate.m; sourceTree = "<group>"; };
		D586F052184DA48B00FE89BD /* Base */ = {isa = PBXFileReference; lastKnownFileType = file.storyboard; name = Base; path = Base.lproj/Main_iPhone.storyboard; sourceTree = "<group>"; };
		D586F055184DA48B00FE89BD /* Base */ = {isa = PBXFileReference; lastKnownFileType = file.storyboard; name = Base; path = Base.lproj/Main_iPad.storyboard; sourceTree = "<group>"; };
		D586F057184DA48B00FE89BD /* Shader.fsh */ = {isa = PBXFileReference; lastKnownFileType = sourcecode.glsl; name = Shader.fsh; path = Shaders/Shader.fsh; sourceTree = "<group>"; };
		D586F059184DA48B00FE89BD /* Shader.vsh */ = {isa = PBXFileReference; lastKnownFileType = sourcecode.glsl; name = Shader.vsh; path = Shaders/Shader.vsh; sourceTree = "<group>"; };
		D586F05B184DA48B00FE89BD /* ROTOViewController.h */ = {isa = PBXFileReference; lastKnownFileType = sourcecode.c.h; path = ROTOViewController.h; sourceTree = "<group>"; };
		D586F05C184DA48B00FE89BD /* ROTOViewController.m */ = {isa = PBXFileReference; lastKnownFileType = sourcecode.c.objc; path = ROTOViewController.m; sourceTree = "<group>"; };
		D586F05E184DA48B00FE89BD /* Images.xcassets */ = {isa = PBXFileReference; lastKnownFileType = folder.assetcatalog; path = Images.xcassets; sourceTree = "<group>"; };
		D586F064184DA48B00FE89BD /* MushTests.xctest */ = {isa = PBXFileReference; explicitFileType = wrapper.cfbundle; includeInIndex = 0; path = MushTests.xctest; sourceTree = BUILT_PRODUCTS_DIR; };
		D586F065184DA48B00FE89BD /* XCTest.framework */ = {isa = PBXFileReference; lastKnownFileType = wrapper.framework; name = XCTest.framework; path = Library/Frameworks/XCTest.framework; sourceTree = DEVELOPER_DIR; };
		D586F06D184DA48B00FE89BD /* MushTests-Info.plist */ = {isa = PBXFileReference; lastKnownFileType = text.plist.xml; path = "MushTests-Info.plist"; sourceTree = "<group>"; };
		D586F06F184DA48B00FE89BD /* en */ = {isa = PBXFileReference; lastKnownFileType = text.plist.strings; name = en; path = en.lproj/InfoPlist.strings; sourceTree = "<group>"; };
		D586F071184DA48B00FE89BD /* MushTests.m */ = {isa = PBXFileReference; lastKnownFileType = sourcecode.c.objc; path = MushTests.m; sourceTree = "<group>"; };
		D591761618551E35007DCD6A /* ROTOShaderLoader.h */ = {isa = PBXFileReference; fileEncoding = 4; lastKnownFileType = sourcecode.c.h; path = ROTOShaderLoader.h; sourceTree = "<group>"; };
		D591761718551E35007DCD6A /* ROTOShaderLoader.m */ = {isa = PBXFileReference; fileEncoding = 4; lastKnownFileType = sourcecode.c.objc; path = ROTOShaderLoader.m; sourceTree = "<group>"; };
		D5D004BB184F0153005D791B /* ROTOMarchingCubes.h */ = {isa = PBXFileReference; lastKnownFileType = sourcecode.c.h; path = ROTOMarchingCubes.h; sourceTree = "<group>"; };
		D5D004BC184F015F005D791B /* ROTOMarchingCubes.c */ = {isa = PBXFileReference; fileEncoding = 4; lastKnownFileType = sourcecode.c.c; path = ROTOMarchingCubes.c; sourceTree = "<group>"; };
		D5FE41C618B205A800B90B9A /* Metaball.fsh */ = {isa = PBXFileReference; fileEncoding = 4; lastKnownFileType = sourcecode.glsl; name = Metaball.fsh; path = Shaders/Metaball.fsh; sourceTree = "<group>"; };
		D5FE41C718B205A800B90B9A /* Metaball.vsh */ = {isa = PBXFileReference; fileEncoding = 4; lastKnownFileType = sourcecode.glsl; name = Metaball.vsh; path = Shaders/Metaball.vsh; sourceTree = "<group>"; };
/* End PBXFileReference section */

/* Begin PBXFrameworksBuildPhase section */
		D586F035184DA48B00FE89BD /* Frameworks */ = {
			isa = PBXFrameworksBuildPhase;
			buildActionMask = 2147483647;
			files = (
				D586F044184DA48B00FE89BD /* OpenGLES.framework in Frameworks */,
				D586F03E184DA48B00FE89BD /* CoreGraphics.framework in Frameworks */,
				D586F040184DA48B00FE89BD /* UIKit.framework in Frameworks */,
				D586F042184DA48B00FE89BD /* GLKit.framework in Frameworks */,
				D586F03C184DA48B00FE89BD /* Foundation.framework in Frameworks */,
			);
			runOnlyForDeploymentPostprocessing = 0;
		};
		D586F061184DA48B00FE89BD /* Frameworks */ = {
			isa = PBXFrameworksBuildPhase;
			buildActionMask = 2147483647;
			files = (
				D586F066184DA48B00FE89BD /* XCTest.framework in Frameworks */,
				D586F068184DA48B00FE89BD /* UIKit.framework in Frameworks */,
				D586F067184DA48B00FE89BD /* Foundation.framework in Frameworks */,
			);
			runOnlyForDeploymentPostprocessing = 0;
		};
/* End PBXFrameworksBuildPhase section */

/* Begin PBXGroup section */
		D586F02F184DA48B00FE89BD = {
			isa = PBXGroup;
			children = (
				D586F045184DA48B00FE89BD /* Mush */,
				D586F06B184DA48B00FE89BD /* MushTests */,
				D586F03A184DA48B00FE89BD /* Frameworks */,
				D586F039184DA48B00FE89BD /* Products */,
			);
			sourceTree = "<group>";
		};
		D586F039184DA48B00FE89BD /* Products */ = {
			isa = PBXGroup;
			children = (
				D586F038184DA48B00FE89BD /* Mush.app */,
				D586F064184DA48B00FE89BD /* MushTests.xctest */,
			);
			name = Products;
			sourceTree = "<group>";
		};
		D586F03A184DA48B00FE89BD /* Frameworks */ = {
			isa = PBXGroup;
			children = (
				D586F03B184DA48B00FE89BD /* Foundation.framework */,
				D586F03D184DA48B00FE89BD /* CoreGraphics.framework */,
				D586F03F184DA48B00FE89BD /* UIKit.framework */,
				D586F041184DA48B00FE89BD /* GLKit.framework */,
				D586F043184DA48B00FE89BD /* OpenGLES.framework */,
				D586F065184DA48B00FE89BD /* XCTest.framework */,
			);
			name = Frameworks;
			sourceTree = "<group>";
		};
		D586F045184DA48B00FE89BD /* Mush */ = {
			isa = PBXGroup;
			children = (
				D586F04E184DA48B00FE89BD /* ROTOAppDelegate.h */,
				D586F04F184DA48B00FE89BD /* ROTOAppDelegate.m */,
				D586F051184DA48B00FE89BD /* Main_iPhone.storyboard */,
				D586F054184DA48B00FE89BD /* Main_iPad.storyboard */,
				D5FE41C618B205A800B90B9A /* Metaball.fsh */,
				D5FE41C718B205A800B90B9A /* Metaball.vsh */,
				D586F057184DA48B00FE89BD /* Shader.fsh */,
				D586F059184DA48B00FE89BD /* Shader.vsh */,
				D586F05B184DA48B00FE89BD /* ROTOViewController.h */,
				D586F05C184DA48B00FE89BD /* ROTOViewController.m */,
				D586F05E184DA48B00FE89BD /* Images.xcassets */,
				D586F046184DA48B00FE89BD /* Supporting Files */,
				D5D004BB184F0153005D791B /* ROTOMarchingCubes.h */,
				D5D004BC184F015F005D791B /* ROTOMarchingCubes.c */,
				D591761618551E35007DCD6A /* ROTOShaderLoader.h */,
				D591761718551E35007DCD6A /* ROTOShaderLoader.m */,
				D5319A8618B7BEBD00751F30 /* EntityVertex.h */,
				D5319A8718B7BEBD00751F30 /* Quad.h */,
			);
			path = Mush;
			sourceTree = "<group>";
		};
		D586F046184DA48B00FE89BD /* Supporting Files */ = {
			isa = PBXGroup;
			children = (
				D586F047184DA48B00FE89BD /* Mush-Info.plist */,
				D586F048184DA48B00FE89BD /* InfoPlist.strings */,
				D586F04B184DA48B00FE89BD /* main.m */,
				D586F04D184DA48B00FE89BD /* Mush-Prefix.pch */,
			);
			name = "Supporting Files";
			sourceTree = "<group>";
		};
		D586F06B184DA48B00FE89BD /* MushTests */ = {
			isa = PBXGroup;
			children = (
				D586F071184DA48B00FE89BD /* MushTests.m */,
				D586F06C184DA48B00FE89BD /* Supporting Files */,
			);
			path = MushTests;
			sourceTree = "<group>";
		};
		D586F06C184DA48B00FE89BD /* Supporting Files */ = {
			isa = PBXGroup;
			children = (
				D586F06D184DA48B00FE89BD /* MushTests-Info.plist */,
				D586F06E184DA48B00FE89BD /* InfoPlist.strings */,
			);
			name = "Supporting Files";
			sourceTree = "<group>";
		};
/* End PBXGroup section */

/* Begin PBXNativeTarget section */
		D586F037184DA48B00FE89BD /* Mush */ = {
			isa = PBXNativeTarget;
			buildConfigurationList = D586F075184DA48B00FE89BD /* Build configuration list for PBXNativeTarget "Mush" */;
			buildPhases = (
				D586F034184DA48B00FE89BD /* Sources */,
				D586F035184DA48B00FE89BD /* Frameworks */,
				D586F036184DA48B00FE89BD /* Resources */,
			);
			buildRules = (
			);
			dependencies = (
			);
			name = Mush;
			productName = Mush;
			productReference = D586F038184DA48B00FE89BD /* Mush.app */;
			productType = "com.apple.product-type.application";
		};
		D586F063184DA48B00FE89BD /* MushTests */ = {
			isa = PBXNativeTarget;
			buildConfigurationList = D586F078184DA48B00FE89BD /* Build configuration list for PBXNativeTarget "MushTests" */;
			buildPhases = (
				D586F060184DA48B00FE89BD /* Sources */,
				D586F061184DA48B00FE89BD /* Frameworks */,
				D586F062184DA48B00FE89BD /* Resources */,
			);
			buildRules = (
			);
			dependencies = (
				D586F06A184DA48B00FE89BD /* PBXTargetDependency */,
			);
			name = MushTests;
			productName = MushTests;
			productReference = D586F064184DA48B00FE89BD /* MushTests.xctest */;
			productType = "com.apple.product-type.bundle.unit-test";
		};
/* End PBXNativeTarget section */

/* Begin PBXProject section */
		D586F030184DA48B00FE89BD /* Project object */ = {
			isa = PBXProject;
			attributes = {
				CLASSPREFIX = ROTO;
				LastUpgradeCheck = 0500;
				ORGANIZATIONNAME = Rototyping;
				TargetAttributes = {
					D586F063184DA48B00FE89BD = {
						TestTargetID = D586F037184DA48B00FE89BD;
					};
				};
			};
			buildConfigurationList = D586F033184DA48B00FE89BD /* Build configuration list for PBXProject "Mush" */;
			compatibilityVersion = "Xcode 3.2";
			developmentRegion = English;
			hasScannedForEncodings = 0;
			knownRegions = (
				en,
				Base,
			);
			mainGroup = D586F02F184DA48B00FE89BD;
			productRefGroup = D586F039184DA48B00FE89BD /* Products */;
			projectDirPath = "";
			projectRoot = "";
			targets = (
				D586F037184DA48B00FE89BD /* Mush */,
				D586F063184DA48B00FE89BD /* MushTests */,
			);
		};
/* End PBXProject section */

/* Begin PBXResourcesBuildPhase section */
		D586F036184DA48B00FE89BD /* Resources */ = {
			isa = PBXResourcesBuildPhase;
			buildActionMask = 2147483647;
			files = (
				D5319A8818B7C2D200751F30 /* Metaball.fsh in Resources */,
				D5319A8918B7C2D200751F30 /* Metaball.vsh in Resources */,
				D586F058184DA48B00FE89BD /* Shader.fsh in Resources */,
				D586F056184DA48B00FE89BD /* Main_iPad.storyboard in Resources */,
				D586F053184DA48B00FE89BD /* Main_iPhone.storyboard in Resources */,
				D586F05F184DA48B00FE89BD /* Images.xcassets in Resources */,
				D586F04A184DA48B00FE89BD /* InfoPlist.strings in Resources */,
				D586F05A184DA48B00FE89BD /* Shader.vsh in Resources */,
			);
			runOnlyForDeploymentPostprocessing = 0;
		};
		D586F062184DA48B00FE89BD /* Resources */ = {
			isa = PBXResourcesBuildPhase;
			buildActionMask = 2147483647;
			files = (
				D586F070184DA48B00FE89BD /* InfoPlist.strings in Resources */,
			);
			runOnlyForDeploymentPostprocessing = 0;
		};
/* End PBXResourcesBuildPhase section */

/* Begin PBXSourcesBuildPhase section */
		D586F034184DA48B00FE89BD /* Sources */ = {
			isa = PBXSourcesBuildPhase;
			buildActionMask = 2147483647;
			files = (
				D5FE41C918B205A800B90B9A /* Metaball.vsh in Sources */,
				D586F050184DA48B00FE89BD /* ROTOAppDelegate.m in Sources */,
				D5FE41C818B205A800B90B9A /* Metaball.fsh in Sources */,
				D586F05D184DA48B00FE89BD /* ROTOViewController.m in Sources */,
				D586F04C184DA48B00FE89BD /* main.m in Sources */,
				D5D004BD184F015F005D791B /* ROTOMarchingCubes.c in Sources */,
				D591761818551E35007DCD6A /* ROTOShaderLoader.m in Sources */,
			);
			runOnlyForDeploymentPostprocessing = 0;
		};
		D586F060184DA48B00FE89BD /* Sources */ = {
			isa = PBXSourcesBuildPhase;
			buildActionMask = 2147483647;
			files = (
				D586F072184DA48B00FE89BD /* MushTests.m in Sources */,
			);
			runOnlyForDeploymentPostprocessing = 0;
		};
/* End PBXSourcesBuildPhase section */

/* Begin PBXTargetDependency section */
		D586F06A184DA48B00FE89BD /* PBXTargetDependency */ = {
			isa = PBXTargetDependency;
			target = D586F037184DA48B00FE89BD /* Mush */;
			targetProxy = D586F069184DA48B00FE89BD /* PBXContainerItemProxy */;
		};
/* End PBXTargetDependency section */

/* Begin PBXVariantGroup section */
		D586F048184DA48B00FE89BD /* InfoPlist.strings */ = {
			isa = PBXVariantGroup;
			children = (
				D586F049184DA48B00FE89BD /* en */,
			);
			name = InfoPlist.strings;
			sourceTree = "<group>";
		};
		D586F051184DA48B00FE89BD /* Main_iPhone.storyboard */ = {
			isa = PBXVariantGroup;
			children = (
				D586F052184DA48B00FE89BD /* Base */,
			);
			name = Main_iPhone.storyboard;
			sourceTree = "<group>";
		};
		D586F054184DA48B00FE89BD /* Main_iPad.storyboard */ = {
			isa = PBXVariantGroup;
			children = (
				D586F055184DA48B00FE89BD /* Base */,
			);
			name = Main_iPad.storyboard;
			sourceTree = "<group>";
		};
		D586F06E184DA48B00FE89BD /* InfoPlist.strings */ = {
			isa = PBXVariantGroup;
			children = (
				D586F06F184DA48B00FE89BD /* en */,
			);
			name = InfoPlist.strings;
			sourceTree = "<group>";
		};
/* End PBXVariantGroup section */

/* Begin XCBuildConfiguration section */
		D586F073184DA48B00FE89BD /* Debug */ = {
			isa = XCBuildConfiguration;
			buildSettings = {
				ALWAYS_SEARCH_USER_PATHS = NO;
				ARCHS = "$(ARCHS_STANDARD_INCLUDING_64_BIT)";
				CLANG_CXX_LANGUAGE_STANDARD = "gnu++0x";
				CLANG_CXX_LIBRARY = "libc++";
				CLANG_ENABLE_MODULES = YES;
				CLANG_ENABLE_OBJC_ARC = YES;
				CLANG_WARN_BOOL_CONVERSION = YES;
				CLANG_WARN_CONSTANT_CONVERSION = YES;
				CLANG_WARN_DIRECT_OBJC_ISA_USAGE = YES_ERROR;
				CLANG_WARN_EMPTY_BODY = YES;
				CLANG_WARN_ENUM_CONVERSION = YES;
				CLANG_WARN_INT_CONVERSION = YES;
				CLANG_WARN_OBJC_ROOT_CLASS = YES_ERROR;
				CLANG_WARN__DUPLICATE_METHOD_MATCH = YES;
				"CODE_SIGN_IDENTITY[sdk=iphoneos*]" = "iPhone Developer";
				COPY_PHASE_STRIP = NO;
				GCC_C_LANGUAGE_STANDARD = gnu99;
				GCC_DYNAMIC_NO_PIC = NO;
				GCC_OPTIMIZATION_LEVEL = 0;
				GCC_PREPROCESSOR_DEFINITIONS = (
					"DEBUG=1",
					"$(inherited)",
				);
				GCC_SYMBOLS_PRIVATE_EXTERN = NO;
				GCC_TREAT_WARNINGS_AS_ERRORS = NO;
				GCC_UNROLL_LOOPS = YES;
				GCC_WARN_64_TO_32_BIT_CONVERSION = YES;
				GCC_WARN_ABOUT_RETURN_TYPE = YES_ERROR;
				GCC_WARN_UNDECLARED_SELECTOR = YES;
				GCC_WARN_UNINITIALIZED_AUTOS = YES;
				GCC_WARN_UNUSED_FUNCTION = YES;
				GCC_WARN_UNUSED_VARIABLE = YES;
				IPHONEOS_DEPLOYMENT_TARGET = 7.0;
				LLVM_VECTORIZE_LOOPS = YES;
				ONLY_ACTIVE_ARCH = YES;
				SDKROOT = iphoneos;
				TARGETED_DEVICE_FAMILY = "1,2";
			};
			name = Debug;
		};
		D586F074184DA48B00FE89BD /* Release */ = {
			isa = XCBuildConfiguration;
			buildSettings = {
				ALWAYS_SEARCH_USER_PATHS = NO;
				ARCHS = "$(ARCHS_STANDARD_INCLUDING_64_BIT)";
				CLANG_CXX_LANGUAGE_STANDARD = "gnu++0x";
				CLANG_CXX_LIBRARY = "libc++";
				CLANG_ENABLE_MODULES = YES;
				CLANG_ENABLE_OBJC_ARC = YES;
				CLANG_WARN_BOOL_CONVERSION = YES;
				CLANG_WARN_CONSTANT_CONVERSION = YES;
				CLANG_WARN_DIRECT_OBJC_ISA_USAGE = YES_ERROR;
				CLANG_WARN_EMPTY_BODY = YES;
				CLANG_WARN_ENUM_CONVERSION = YES;
				CLANG_WARN_INT_CONVERSION = YES;
				CLANG_WARN_OBJC_ROOT_CLASS = YES_ERROR;
				CLANG_WARN__DUPLICATE_METHOD_MATCH = YES;
				"CODE_SIGN_IDENTITY[sdk=iphoneos*]" = "iPhone Developer";
				COPY_PHASE_STRIP = YES;
				ENABLE_NS_ASSERTIONS = NO;
				GCC_C_LANGUAGE_STANDARD = gnu99;
				GCC_TREAT_WARNINGS_AS_ERRORS = NO;
				GCC_UNROLL_LOOPS = YES;
				GCC_WARN_64_TO_32_BIT_CONVERSION = YES;
				GCC_WARN_ABOUT_RETURN_TYPE = YES_ERROR;
				GCC_WARN_UNDECLARED_SELECTOR = YES;
				GCC_WARN_UNINITIALIZED_AUTOS = YES;
				GCC_WARN_UNUSED_FUNCTION = YES;
				GCC_WARN_UNUSED_VARIABLE = YES;
				IPHONEOS_DEPLOYMENT_TARGET = 7.0;
				LLVM_VECTORIZE_LOOPS = YES;
				SDKROOT = iphoneos;
				TARGETED_DEVICE_FAMILY = "1,2";
				VALIDATE_PRODUCT = YES;
			};
			name = Release;
		};
		D586F076184DA48B00FE89BD /* Debug */ = {
			isa = XCBuildConfiguration;
			buildSettings = {
				ASSETCATALOG_COMPILER_APPICON_NAME = AppIcon;
				ASSETCATALOG_COMPILER_LAUNCHIMAGE_NAME = LaunchImage;
				GCC_PRECOMPILE_PREFIX_HEADER = YES;
				GCC_PREFIX_HEADER = "Mush/Mush-Prefix.pch";
				INFOPLIST_FILE = "Mush/Mush-Info.plist";
				PRODUCT_NAME = "$(TARGET_NAME)";
				WRAPPER_EXTENSION = app;
			};
			name = Debug;
		};
		D586F077184DA48B00FE89BD /* Release */ = {
			isa = XCBuildConfiguration;
			buildSettings = {
				ASSETCATALOG_COMPILER_APPICON_NAME = AppIcon;
				ASSETCATALOG_COMPILER_LAUNCHIMAGE_NAME = LaunchImage;
				GCC_PRECOMPILE_PREFIX_HEADER = YES;
				GCC_PREFIX_HEADER = "Mush/Mush-Prefix.pch";
				INFOPLIST_FILE = "Mush/Mush-Info.plist";
				PRODUCT_NAME = "$(TARGET_NAME)";
				WRAPPER_EXTENSION = app;
			};
			name = Release;
		};
		D586F079184DA48B00FE89BD /* Debug */ = {
			isa = XCBuildConfiguration;
			buildSettings = {
				ARCHS = "$(ARCHS_STANDARD_INCLUDING_64_BIT)";
				BUNDLE_LOADER = "$(BUILT_PRODUCTS_DIR)/Mush.app/Mush";
				FRAMEWORK_SEARCH_PATHS = (
					"$(SDKROOT)/Developer/Library/Frameworks",
					"$(inherited)",
					"$(DEVELOPER_FRAMEWORKS_DIR)",
				);
				GCC_PRECOMPILE_PREFIX_HEADER = YES;
				GCC_PREFIX_HEADER = "Mush/Mush-Prefix.pch";
				GCC_PREPROCESSOR_DEFINITIONS = (
					"DEBUG=1",
					"$(inherited)",
				);
				INFOPLIST_FILE = "MushTests/MushTests-Info.plist";
				PRODUCT_NAME = "$(TARGET_NAME)";
				TEST_HOST = "$(BUNDLE_LOADER)";
				WRAPPER_EXTENSION = xctest;
			};
			name = Debug;
		};
		D586F07A184DA48B00FE89BD /* Release */ = {
			isa = XCBuildConfiguration;
			buildSettings = {
				ARCHS = "$(ARCHS_STANDARD_INCLUDING_64_BIT)";
				BUNDLE_LOADER = "$(BUILT_PRODUCTS_DIR)/Mush.app/Mush";
				FRAMEWORK_SEARCH_PATHS = (
					"$(SDKROOT)/Developer/Library/Frameworks",
					"$(inherited)",
					"$(DEVELOPER_FRAMEWORKS_DIR)",
				);
				GCC_PRECOMPILE_PREFIX_HEADER = YES;
				GCC_PREFIX_HEADER = "Mush/Mush-Prefix.pch";
				INFOPLIST_FILE = "MushTests/MushTests-Info.plist";
				PRODUCT_NAME = "$(TARGET_NAME)";
				TEST_HOST = "$(BUNDLE_LOADER)";
				WRAPPER_EXTENSION = xctest;
			};
			name = Release;
		};
/* End XCBuildConfiguration section */

/* Begin XCConfigurationList section */
		D586F033184DA48B00FE89BD /* Build configuration list for PBXProject "Mush" */ = {
			isa = XCConfigurationList;
			buildConfigurations = (
				D586F073184DA48B00FE89BD /* Debug */,
				D586F074184DA48B00FE89BD /* Release */,
			);
			defaultConfigurationIsVisible = 0;
			defaultConfigurationName = Release;
		};
		D586F075184DA48B00FE89BD /* Build configuration list for PBXNativeTarget "Mush" */ = {
			isa = XCConfigurationList;
			buildConfigurations = (
				D586F076184DA48B00FE89BD /* Debug */,
				D586F077184DA48B00FE89BD /* Release */,
			);
			defaultConfigurationIsVisible = 0;
			defaultConfigurationName = Release;
		};
		D586F078184DA48B00FE89BD /* Build configuration list for PBXNativeTarget "MushTests" */ = {
			isa = XCConfigurationList;
			buildConfigurations = (
				D586F079184DA48B00FE89BD /* Debug */,
				D586F07A184DA48B00FE89BD /* Release */,
			);
			defaultConfigurationIsVisible = 0;
			defaultConfigurationName = Release;
		};
/* End XCConfigurationList section */
	};
	rootObject = D586F030184DA48B00FE89BD /* Project object */;
}
